
Microsoft Visual Studio Solution File, Format Version 12.00
# Visual Studio 2013
VisualStudioVersion = 12.0.30324.0
MinimumVisualStudioVersion = 10.0.40219.1
Project("{2150E333-8FDC-42A3-9474-1A3956D46DE8}") = "Documents", "Documents", "{37138C99-30B0-4922-9F45-508DD0FE5BD7}"
	ProjectSection(SolutionItems) = preProject
		Doc\ttnavsdk3_manual.pdf = Doc\ttnavsdk3_manual.pdf
	EndProjectSection
EndProject
Project("{FAE04EC0-301F-11D3-BF4B-00C04F79EFBC}") = "TomTom.DataAccess", "TomTom.DataAccess\TomTom.DataAccess.csproj", "{D89B5D82-D131-4820-92AF-59F51F4B6417}"
EndProject
Project("{FAE04EC0-301F-11D3-BF4B-00C04F79EFBC}") = "TomTom.Domain", "TomTom.Domain\TomTom.Domain.csproj", "{F58F6D64-3E84-4A16-A91D-18B536D12FA0}"
EndProject
Project("{FAE04EC0-301F-11D3-BF4B-00C04F79EFBC}") = "TomTom.Services", "TomTom.Services\TomTom.Services.csproj", "{E95CE519-74AA-4BC4-A2DF-255A9927E4F1}"
EndProject
Global
	GlobalSection(SolutionConfigurationPlatforms) = preSolution
		Debug|Any CPU = Debug|Any CPU
		Release|Any CPU = Release|Any CPU
	EndGlobalSection
	GlobalSection(ProjectConfigurationPlatforms) = postSolution
		{D89B5D82-D131-4820-92AF-59F51F4B6417}.Debug|Any CPU.ActiveCfg = Debug|Any CPU
		{D89B5D82-D131-4820-92AF-59F51F4B6417}.Debug|Any CPU.Build.0 = Debug|Any CPU
		{D89B5D82-D131-4820-92AF-59F51F4B6417}.Release|Any CPU.ActiveCfg = Release|Any CPU
		{D89B5D82-D131-4820-92AF-59F51F4B6417}.Release|Any CPU.Build.0 = Release|Any CPU
		{F58F6D64-3E84-4A16-A91D-18B536D12FA0}.Debug|Any CPU.ActiveCfg = Debug|Any CPU
		{F58F6D64-3E84-4A16-A91D-18B536D12FA0}.Debug|Any CPU.Build.0 = Debug|Any CPU
		{F58F6D64-3E84-4A16-A91D-18B536D12FA0}.Release|Any CPU.ActiveCfg = Release|Any CPU
		{F58F6D64-3E84-4A16-A91D-18B536D12FA0}.Release|Any CPU.Build.0 = Release|Any CPU
		{E95CE519-74AA-4BC4-A2DF-255A9927E4F1}.Debug|Any CPU.ActiveCfg = Debug|Any CPU
		{E95CE519-74AA-4BC4-A2DF-255A9927E4F1}.Debug|Any CPU.Build.0 = Debug|Any CPU
		{E95CE519-74AA-4BC4-A2DF-255A9927E4F1}.Release|Any CPU.ActiveCfg = Release|Any CPU
		{E95CE519-74AA-4BC4-A2DF-255A9927E4F1}.Release|Any CPU.Build.0 = Release|Any CPU
	EndGlobalSection
	GlobalSection(SolutionProperties) = preSolution
		HideSolutionNode = FALSE
	EndGlobalSection
EndGlobal
